// !$*UTF8*$!
{
	archiveVersion = 1;
	classes = {
	};
	objectVersion = 55;
	objects = {

/* Begin PBXBuildFile section */
		EC2DB66D2814B0E300AA6D2F /* ScrumdingerApp.swift in Sources */ = {isa = PBXBuildFile; fileRef = EC2DB66C2814B0E300AA6D2F /* ScrumdingerApp.swift */; };
		EC2DB66F2814B0E300AA6D2F /* MeetingView.swift in Sources */ = {isa = PBXBuildFile; fileRef = EC2DB66E2814B0E300AA6D2F /* MeetingView.swift */; };
		EC2DB6712814B0E400AA6D2F /* Assets.xcassets in Resources */ = {isa = PBXBuildFile; fileRef = EC2DB6702814B0E400AA6D2F /* Assets.xcassets */; };
		EC2DB6742814B0E400AA6D2F /* Preview Assets.xcassets in Resources */ = {isa = PBXBuildFile; fileRef = EC2DB6732814B0E400AA6D2F /* Preview Assets.xcassets */; };
		EC2DB67C2814B45500AA6D2F /* Theme.swift in Sources */ = {isa = PBXBuildFile; fileRef = EC2DB67B2814B45500AA6D2F /* Theme.swift */; };
		EC2DB67E2814B59C00AA6D2F /* DailyScrum.swift in Sources */ = {isa = PBXBuildFile; fileRef = EC2DB67D2814B59C00AA6D2F /* DailyScrum.swift */; };
		EC2DB6802814B68400AA6D2F /* CardView.swift in Sources */ = {isa = PBXBuildFile; fileRef = EC2DB67F2814B68400AA6D2F /* CardView.swift */; };
		EC2DB6822814B94A00AA6D2F /* TrailingIconLabelStyle.swift in Sources */ = {isa = PBXBuildFile; fileRef = EC2DB6812814B94A00AA6D2F /* TrailingIconLabelStyle.swift */; };
		EC2DB6842814BA5F00AA6D2F /* ScrumsView.swift in Sources */ = {isa = PBXBuildFile; fileRef = EC2DB6832814BA5F00AA6D2F /* ScrumsView.swift */; };
		EC2DB6862814BE3100AA6D2F /* DetailView.swift in Sources */ = {isa = PBXBuildFile; fileRef = EC2DB6852814BE3100AA6D2F /* DetailView.swift */; };
		EC2DB6882814C37400AA6D2F /* DetailEditView.swift in Sources */ = {isa = PBXBuildFile; fileRef = EC2DB6872814C37400AA6D2F /* DetailEditView.swift */; };
		EC2DB68A2814C6C800AA6D2F /* ThemeView.swift in Sources */ = {isa = PBXBuildFile; fileRef = EC2DB6892814C6C800AA6D2F /* ThemeView.swift */; };
		EC2DB68C2814C75800AA6D2F /* ThemePicker.swift in Sources */ = {isa = PBXBuildFile; fileRef = EC2DB68B2814C75800AA6D2F /* ThemePicker.swift */; };
		EC2DB68E2814CB5900AA6D2F /* MeetingHeaderView.swift in Sources */ = {isa = PBXBuildFile; fileRef = EC2DB68D2814CB5900AA6D2F /* MeetingHeaderView.swift */; };
		ECA61DF42814D25200599AAB /* MeetingFooterView.swift in Sources */ = {isa = PBXBuildFile; fileRef = ECA61DF32814D25200599AAB /* MeetingFooterView.swift */; };
		ECA61DF62814D65F00599AAB /* History.swift in Sources */ = {isa = PBXBuildFile; fileRef = ECA61DF52814D65F00599AAB /* History.swift */; };
		ECA61DF82814EEC300599AAB /* ScrumStore.swift in Sources */ = {isa = PBXBuildFile; fileRef = ECA61DF72814EEC300599AAB /* ScrumStore.swift */; };
		ECA61DFA2814F35800599AAB /* ErrorWrapper.swift in Sources */ = {isa = PBXBuildFile; fileRef = ECA61DF92814F35800599AAB /* ErrorWrapper.swift */; };
		ECA61DFC2814F3A400599AAB /* ErrorView.swift in Sources */ = {isa = PBXBuildFile; fileRef = ECA61DFB2814F3A400599AAB /* ErrorView.swift */; };
		ECA61DFE2814F62300599AAB /* MeetingTimerView.swift in Sources */ = {isa = PBXBuildFile; fileRef = ECA61DFD2814F62300599AAB /* MeetingTimerView.swift */; };
		ECA61E002814F66F00599AAB /* SpeakerArc.swift in Sources */ = {isa = PBXBuildFile; fileRef = ECA61DFF2814F66F00599AAB /* SpeakerArc.swift */; };
		ECA61E022814F76500599AAB /* SpeechRecognizer.swift in Sources */ = {isa = PBXBuildFile; fileRef = ECA61E012814F76500599AAB /* SpeechRecognizer.swift */; };
		ECA61E042814F87900599AAB /* HistoryView.swift in Sources */ = {isa = PBXBuildFile; fileRef = ECA61E032814F87900599AAB /* HistoryView.swift */; };
		ECC5D5CF2814CD71002807EA /* ScrumProgressViewStyle.swift in Sources */ = {isa = PBXBuildFile; fileRef = ECC5D5CE2814CD71002807EA /* ScrumProgressViewStyle.swift */; };
		ECC5D5D12814CE74002807EA /* ScrumTimer.swift in Sources */ = {isa = PBXBuildFile; fileRef = ECC5D5D02814CE74002807EA /* ScrumTimer.swift */; };
		ECC5D5D32814D063002807EA /* AVPlayer+Ding.swift in Sources */ = {isa = PBXBuildFile; fileRef = ECC5D5D22814D063002807EA /* AVPlayer+Ding.swift */; };
/* End PBXBuildFile section */

/* Begin PBXFileReference section */
		EC2DB6692814B0E300AA6D2F /* Scrumdinger.app */ = {isa = PBXFileReference; explicitFileType = wrapper.application; includeInIndex = 0; path = Scrumdinger.app; sourceTree = BUILT_PRODUCTS_DIR; };
		EC2DB66C2814B0E300AA6D2F /* ScrumdingerApp.swift */ = {isa = PBXFileReference; lastKnownFileType = sourcecode.swift; path = ScrumdingerApp.swift; sourceTree = "<group>"; };
		EC2DB66E2814B0E300AA6D2F /* MeetingView.swift */ = {isa = PBXFileReference; lastKnownFileType = sourcecode.swift; path = MeetingView.swift; sourceTree = "<group>"; };
		EC2DB6702814B0E400AA6D2F /* Assets.xcassets */ = {isa = PBXFileReference; lastKnownFileType = folder.assetcatalog; path = Assets.xcassets; sourceTree = "<group>"; };
		EC2DB6732814B0E400AA6D2F /* Preview Assets.xcassets */ = {isa = PBXFileReference; lastKnownFileType = folder.assetcatalog; path = "Preview Assets.xcassets"; sourceTree = "<group>"; };
		EC2DB67B2814B45500AA6D2F /* Theme.swift */ = {isa = PBXFileReference; lastKnownFileType = sourcecode.swift; path = Theme.swift; sourceTree = "<group>"; };
		EC2DB67D2814B59C00AA6D2F /* DailyScrum.swift */ = {isa = PBXFileReference; lastKnownFileType = sourcecode.swift; path = DailyScrum.swift; sourceTree = "<group>"; };
		EC2DB67F2814B68400AA6D2F /* CardView.swift */ = {isa = PBXFileReference; lastKnownFileType = sourcecode.swift; path = CardView.swift; sourceTree = "<group>"; };
		EC2DB6812814B94A00AA6D2F /* TrailingIconLabelStyle.swift */ = {isa = PBXFileReference; lastKnownFileType = sourcecode.swift; path = TrailingIconLabelStyle.swift; sourceTree = "<group>"; };
		EC2DB6832814BA5F00AA6D2F /* ScrumsView.swift */ = {isa = PBXFileReference; lastKnownFileType = sourcecode.swift; path = ScrumsView.swift; sourceTree = "<group>"; };
		EC2DB6852814BE3100AA6D2F /* DetailView.swift */ = {isa = PBXFileReference; lastKnownFileType = sourcecode.swift; path = DetailView.swift; sourceTree = "<group>"; };
		EC2DB6872814C37400AA6D2F /* DetailEditView.swift */ = {isa = PBXFileReference; lastKnownFileType = sourcecode.swift; path = DetailEditView.swift; sourceTree = "<group>"; };
		EC2DB6892814C6C800AA6D2F /* ThemeView.swift */ = {isa = PBXFileReference; lastKnownFileType = sourcecode.swift; path = ThemeView.swift; sourceTree = "<group>"; };
		EC2DB68B2814C75800AA6D2F /* ThemePicker.swift */ = {isa = PBXFileReference; lastKnownFileType = sourcecode.swift; path = ThemePicker.swift; sourceTree = "<group>"; };
		EC2DB68D2814CB5900AA6D2F /* MeetingHeaderView.swift */ = {isa = PBXFileReference; lastKnownFileType = sourcecode.swift; path = MeetingHeaderView.swift; sourceTree = "<group>"; };
		ECA61DF32814D25200599AAB /* MeetingFooterView.swift */ = {isa = PBXFileReference; lastKnownFileType = sourcecode.swift; path = MeetingFooterView.swift; sourceTree = "<group>"; };
		ECA61DF52814D65F00599AAB /* History.swift */ = {isa = PBXFileReference; lastKnownFileType = sourcecode.swift; path = History.swift; sourceTree = "<group>"; };
		ECA61DF72814EEC300599AAB /* ScrumStore.swift */ = {isa = PBXFileReference; lastKnownFileType = sourcecode.swift; path = ScrumStore.swift; sourceTree = "<group>"; };
		ECA61DF92814F35800599AAB /* ErrorWrapper.swift */ = {isa = PBXFileReference; lastKnownFileType = sourcecode.swift; path = ErrorWrapper.swift; sourceTree = "<group>"; };
		ECA61DFB2814F3A400599AAB /* ErrorView.swift */ = {isa = PBXFileReference; lastKnownFileType = sourcecode.swift; path = ErrorView.swift; sourceTree = "<group>"; };
		ECA61DFD2814F62300599AAB /* MeetingTimerView.swift */ = {isa = PBXFileReference; lastKnownFileType = sourcecode.swift; path = MeetingTimerView.swift; sourceTree = "<group>"; };
		ECA61DFF2814F66F00599AAB /* SpeakerArc.swift */ = {isa = PBXFileReference; lastKnownFileType = sourcecode.swift; path = SpeakerArc.swift; sourceTree = "<group>"; };
		ECA61E012814F76500599AAB /* SpeechRecognizer.swift */ = {isa = PBXFileReference; lastKnownFileType = sourcecode.swift; path = SpeechRecognizer.swift; sourceTree = "<group>"; };
		ECA61E032814F87900599AAB /* HistoryView.swift */ = {isa = PBXFileReference; lastKnownFileType = sourcecode.swift; path = HistoryView.swift; sourceTree = "<group>"; };
		ECC5D5CE2814CD71002807EA /* ScrumProgressViewStyle.swift */ = {isa = PBXFileReference; lastKnownFileType = sourcecode.swift; path = ScrumProgressViewStyle.swift; sourceTree = "<group>"; };
		ECC5D5D02814CE74002807EA /* ScrumTimer.swift */ = {isa = PBXFileReference; lastKnownFileType = sourcecode.swift; path = ScrumTimer.swift; sourceTree = "<group>"; };
		ECC5D5D22814D063002807EA /* AVPlayer+Ding.swift */ = {isa = PBXFileReference; fileEncoding = 4; lastKnownFileType = sourcecode.swift; path = "AVPlayer+Ding.swift"; sourceTree = "<group>"; };
/* End PBXFileReference section */

/* Begin PBXFrameworksBuildPhase section */
		EC2DB6662814B0E300AA6D2F /* Frameworks */ = {
			isa = PBXFrameworksBuildPhase;
			buildActionMask = 2147483647;
			files = (
			);
			runOnlyForDeploymentPostprocessing = 0;
		};
/* End PBXFrameworksBuildPhase section */

/* Begin PBXGroup section */
		EC2DB6602814B0E300AA6D2F = {
			isa = PBXGroup;
			children = (
				EC2DB66B2814B0E300AA6D2F /* Scrumdinger */,
				EC2DB66A2814B0E300AA6D2F /* Products */,
			);
			sourceTree = "<group>";
		};
		EC2DB66A2814B0E300AA6D2F /* Products */ = {
			isa = PBXGroup;
			children = (
				EC2DB6692814B0E300AA6D2F /* Scrumdinger.app */,
			);
			name = Products;
			sourceTree = "<group>";
		};
		EC2DB66B2814B0E300AA6D2F /* Scrumdinger */ = {
			isa = PBXGroup;
			children = (
				ECA61E032814F87900599AAB /* HistoryView.swift */,
				EC2DB68D2814CB5900AA6D2F /* MeetingHeaderView.swift */,
				EC2DB6892814C6C800AA6D2F /* ThemeView.swift */,
				EC2DB6872814C37400AA6D2F /* DetailEditView.swift */,
				EC2DB6852814BE3100AA6D2F /* DetailView.swift */,
				EC2DB6832814BA5F00AA6D2F /* ScrumsView.swift */,
				EC2DB6812814B94A00AA6D2F /* TrailingIconLabelStyle.swift */,
				ECA61DFB2814F3A400599AAB /* ErrorView.swift */,
				EC2DB67F2814B68400AA6D2F /* CardView.swift */,
				EC2DB67A2814B44300AA6D2F /* Models */,
				EC2DB66C2814B0E300AA6D2F /* ScrumdingerApp.swift */,
				EC2DB66E2814B0E300AA6D2F /* MeetingView.swift */,
				EC2DB6702814B0E400AA6D2F /* Assets.xcassets */,
				EC2DB6722814B0E400AA6D2F /* Preview Content */,
				EC2DB68B2814C75800AA6D2F /* ThemePicker.swift */,
				ECC5D5CE2814CD71002807EA /* ScrumProgressViewStyle.swift */,
				ECA61DF32814D25200599AAB /* MeetingFooterView.swift */,
				ECA61DFD2814F62300599AAB /* MeetingTimerView.swift */,
			);
			path = Scrumdinger;
			sourceTree = "<group>";
		};
		EC2DB6722814B0E400AA6D2F /* Preview Content */ = {
			isa = PBXGroup;
			children = (
				EC2DB6732814B0E400AA6D2F /* Preview Assets.xcassets */,
			);
			path = "Preview Content";
			sourceTree = "<group>";
		};
		EC2DB67A2814B44300AA6D2F /* Models */ = {
			isa = PBXGroup;
			children = (
				ECA61DFF2814F66F00599AAB /* SpeakerArc.swift */,
				ECC5D5D22814D063002807EA /* AVPlayer+Ding.swift */,
				ECC5D5D02814CE74002807EA /* ScrumTimer.swift */,
				EC2DB67B2814B45500AA6D2F /* Theme.swift */,
				EC2DB67D2814B59C00AA6D2F /* DailyScrum.swift */,
				ECA61DF52814D65F00599AAB /* History.swift */,
				ECA61DF72814EEC300599AAB /* ScrumStore.swift */,
				ECA61DF92814F35800599AAB /* ErrorWrapper.swift */,
				ECA61E012814F76500599AAB /* SpeechRecognizer.swift */,
			);
			path = Models;
			sourceTree = "<group>";
		};
/* End PBXGroup section */

/* Begin PBXNativeTarget section */
		EC2DB6682814B0E300AA6D2F /* Scrumdinger */ = {
			isa = PBXNativeTarget;
			buildConfigurationList = EC2DB6772814B0E400AA6D2F /* Build configuration list for PBXNativeTarget "Scrumdinger" */;
			buildPhases = (
				EC2DB6652814B0E300AA6D2F /* Sources */,
				EC2DB6662814B0E300AA6D2F /* Frameworks */,
				EC2DB6672814B0E300AA6D2F /* Resources */,
			);
			buildRules = (
			);
			dependencies = (
			);
			name = Scrumdinger;
			productName = Scrumdinger;
			productReference = EC2DB6692814B0E300AA6D2F /* Scrumdinger.app */;
			productType = "com.apple.product-type.application";
		};
/* End PBXNativeTarget section */

/* Begin PBXProject section */
		EC2DB6612814B0E300AA6D2F /* Project object */ = {
			isa = PBXProject;
			attributes = {
				BuildIndependentTargetsInParallel = 1;
				LastSwiftUpdateCheck = 1320;
				LastUpgradeCheck = 1320;
				TargetAttributes = {
					EC2DB6682814B0E300AA6D2F = {
						CreatedOnToolsVersion = 13.2.1;
					};
				};
			};
			buildConfigurationList = EC2DB6642814B0E300AA6D2F /* Build configuration list for PBXProject "Scrumdinger" */;
			compatibilityVersion = "Xcode 13.0";
			developmentRegion = en;
			hasScannedForEncodings = 0;
			knownRegions = (
				en,
				Base,
			);
			mainGroup = EC2DB6602814B0E300AA6D2F;
			productRefGroup = EC2DB66A2814B0E300AA6D2F /* Products */;
			projectDirPath = "";
			projectRoot = "";
			targets = (
				EC2DB6682814B0E300AA6D2F /* Scrumdinger */,
			);
		};
/* End PBXProject section */

/* Begin PBXResourcesBuildPhase section */
		EC2DB6672814B0E300AA6D2F /* Resources */ = {
			isa = PBXResourcesBuildPhase;
			buildActionMask = 2147483647;
			files = (
				EC2DB6742814B0E400AA6D2F /* Preview Assets.xcassets in Resources */,
				EC2DB6712814B0E400AA6D2F /* Assets.xcassets in Resources */,
			);
			runOnlyForDeploymentPostprocessing = 0;
		};
/* End PBXResourcesBuildPhase section */

/* Begin PBXSourcesBuildPhase section */
		EC2DB6652814B0E300AA6D2F /* Sources */ = {
			isa = PBXSourcesBuildPhase;
			buildActionMask = 2147483647;
			files = (
				ECA61DF62814D65F00599AAB /* History.swift in Sources */,
				ECA61E042814F87900599AAB /* HistoryView.swift in Sources */,
				EC2DB68C2814C75800AA6D2F /* ThemePicker.swift in Sources */,
				ECC5D5CF2814CD71002807EA /* ScrumProgressViewStyle.swift in Sources */,
				ECC5D5D12814CE74002807EA /* ScrumTimer.swift in Sources */,
				ECA61DF82814EEC300599AAB /* ScrumStore.swift in Sources */,
				EC2DB67E2814B59C00AA6D2F /* DailyScrum.swift in Sources */,
				ECC5D5D32814D063002807EA /* AVPlayer+Ding.swift in Sources */,
				ECA61DF42814D25200599AAB /* MeetingFooterView.swift in Sources */,
				EC2DB6862814BE3100AA6D2F /* DetailView.swift in Sources */,
				ECA61DFE2814F62300599AAB /* MeetingTimerView.swift in Sources */,
				EC2DB68E2814CB5900AA6D2F /* MeetingHeaderView.swift in Sources */,
				ECA61DFA2814F35800599AAB /* ErrorWrapper.swift in Sources */,
				EC2DB6882814C37400AA6D2F /* DetailEditView.swift in Sources */,
				EC2DB6822814B94A00AA6D2F /* TrailingIconLabelStyle.swift in Sources */,
				EC2DB67C2814B45500AA6D2F /* Theme.swift in Sources */,
				EC2DB6842814BA5F00AA6D2F /* ScrumsView.swift in Sources */,
				ECA61E022814F76500599AAB /* SpeechRecognizer.swift in Sources */,
				ECA61DFC2814F3A400599AAB /* ErrorView.swift in Sources */,
				EC2DB66F2814B0E300AA6D2F /* MeetingView.swift in Sources */,
				EC2DB66D2814B0E300AA6D2F /* ScrumdingerApp.swift in Sources */,
				EC2DB68A2814C6C800AA6D2F /* ThemeView.swift in Sources */,
				ECA61E002814F66F00599AAB /* SpeakerArc.swift in Sources */,
				EC2DB6802814B68400AA6D2F /* CardView.swift in Sources */,
			);
			runOnlyForDeploymentPostprocessing = 0;
		};
/* End PBXSourcesBuildPhase section */

/* Begin XCBuildConfiguration section */
		EC2DB6752814B0E400AA6D2F /* Debug */ = {
			isa = XCBuildConfiguration;
			buildSettings = {
				ALWAYS_SEARCH_USER_PATHS = NO;
				CLANG_ANALYZER_NONNULL = YES;
				CLANG_ANALYZER_NUMBER_OBJECT_CONVERSION = YES_AGGRESSIVE;
				CLANG_CXX_LANGUAGE_STANDARD = "gnu++17";
				CLANG_CXX_LIBRARY = "libc++";
				CLANG_ENABLE_MODULES = YES;
				CLANG_ENABLE_OBJC_ARC = YES;
				CLANG_ENABLE_OBJC_WEAK = YES;
				CLANG_WARN_BLOCK_CAPTURE_AUTORELEASING = YES;
				CLANG_WARN_BOOL_CONVERSION = YES;
				CLANG_WARN_COMMA = YES;
				CLANG_WARN_CONSTANT_CONVERSION = YES;
				CLANG_WARN_DEPRECATED_OBJC_IMPLEMENTATIONS = YES;
				CLANG_WARN_DIRECT_OBJC_ISA_USAGE = YES_ERROR;
				CLANG_WARN_DOCUMENTATION_COMMENTS = YES;
				CLANG_WARN_EMPTY_BODY = YES;
				CLANG_WARN_ENUM_CONVERSION = YES;
				CLANG_WARN_INFINITE_RECURSION = YES;
				CLANG_WARN_INT_CONVERSION = YES;
				CLANG_WARN_NON_LITERAL_NULL_CONVERSION = YES;
				CLANG_WARN_OBJC_IMPLICIT_RETAIN_SELF = YES;
				CLANG_WARN_OBJC_LITERAL_CONVERSION = YES;
				CLANG_WARN_OBJC_ROOT_CLASS = YES_ERROR;
				CLANG_WARN_QUOTED_INCLUDE_IN_FRAMEWORK_HEADER = YES;
				CLANG_WARN_RANGE_LOOP_ANALYSIS = YES;
				CLANG_WARN_STRICT_PROTOTYPES = YES;
				CLANG_WARN_SUSPICIOUS_MOVE = YES;
				CLANG_WARN_UNGUARDED_AVAILABILITY = YES_AGGRESSIVE;
				CLANG_WARN_UNREACHABLE_CODE = YES;
				CLANG_WARN__DUPLICATE_METHOD_MATCH = YES;
				COPY_PHASE_STRIP = NO;
				DEBUG_INFORMATION_FORMAT = dwarf;
				ENABLE_STRICT_OBJC_MSGSEND = YES;
				ENABLE_TESTABILITY = YES;
				GCC_C_LANGUAGE_STANDARD = gnu11;
				GCC_DYNAMIC_NO_PIC = NO;
				GCC_NO_COMMON_BLOCKS = YES;
				GCC_OPTIMIZATION_LEVEL = 0;
				GCC_PREPROCESSOR_DEFINITIONS = (
					"DEBUG=1",
					"$(inherited)",
				);
				GCC_WARN_64_TO_32_BIT_CONVERSION = YES;
				GCC_WARN_ABOUT_RETURN_TYPE = YES_ERROR;
				GCC_WARN_UNDECLARED_SELECTOR = YES;
				GCC_WARN_UNINITIALIZED_AUTOS = YES_AGGRESSIVE;
				GCC_WARN_UNUSED_FUNCTION = YES;
				GCC_WARN_UNUSED_VARIABLE = YES;
				IPHONEOS_DEPLOYMENT_TARGET = 15.2;
				MTL_ENABLE_DEBUG_INFO = INCLUDE_SOURCE;
				MTL_FAST_MATH = YES;
				ONLY_ACTIVE_ARCH = YES;
				SDKROOT = iphoneos;
				SWIFT_ACTIVE_COMPILATION_CONDITIONS = DEBUG;
				SWIFT_OPTIMIZATION_LEVEL = "-Onone";
			};
			name = Debug;
		};
		EC2DB6762814B0E400AA6D2F /* Release */ = {
			isa = XCBuildConfiguration;
			buildSettings = {
				ALWAYS_SEARCH_USER_PATHS = NO;
				CLANG_ANALYZER_NONNULL = YES;
				CLANG_ANALYZER_NUMBER_OBJECT_CONVERSION = YES_AGGRESSIVE;
				CLANG_CXX_LANGUAGE_STANDARD = "gnu++17";
				CLANG_CXX_LIBRARY = "libc++";
				CLANG_ENABLE_MODULES = YES;
				CLANG_ENABLE_OBJC_ARC = YES;
				CLANG_ENABLE_OBJC_WEAK = YES;
				CLANG_WARN_BLOCK_CAPTURE_AUTORELEASING = YES;
				CLANG_WARN_BOOL_CONVERSION = YES;
				CLANG_WARN_COMMA = YES;
				CLANG_WARN_CONSTANT_CONVERSION = YES;
				CLANG_WARN_DEPRECATED_OBJC_IMPLEMENTATIONS = YES;
				CLANG_WARN_DIRECT_OBJC_ISA_USAGE = YES_ERROR;
				CLANG_WARN_DOCUMENTATION_COMMENTS = YES;
				CLANG_WARN_EMPTY_BODY = YES;
				CLANG_WARN_ENUM_CONVERSION = YES;
				CLANG_WARN_INFINITE_RECURSION = YES;
				CLANG_WARN_INT_CONVERSION = YES;
				CLANG_WARN_NON_LITERAL_NULL_CONVERSION = YES;
				CLANG_WARN_OBJC_IMPLICIT_RETAIN_SELF = YES;
				CLANG_WARN_OBJC_LITERAL_CONVERSION = YES;
				CLANG_WARN_OBJC_ROOT_CLASS = YES_ERROR;
				CLANG_WARN_QUOTED_INCLUDE_IN_FRAMEWORK_HEADER = YES;
				CLANG_WARN_RANGE_LOOP_ANALYSIS = YES;
				CLANG_WARN_STRICT_PROTOTYPES = YES;
				CLANG_WARN_SUSPICIOUS_MOVE = YES;
				CLANG_WARN_UNGUARDED_AVAILABILITY = YES_AGGRESSIVE;
				CLANG_WARN_UNREACHABLE_CODE = YES;
				CLANG_WARN__DUPLICATE_METHOD_MATCH = YES;
				COPY_PHASE_STRIP = NO;
				DEBUG_INFORMATION_FORMAT = "dwarf-with-dsym";
				ENABLE_NS_ASSERTIONS = NO;
				ENABLE_STRICT_OBJC_MSGSEND = YES;
				GCC_C_LANGUAGE_STANDARD = gnu11;
				GCC_NO_COMMON_BLOCKS = YES;
				GCC_WARN_64_TO_32_BIT_CONVERSION = YES;
				GCC_WARN_ABOUT_RETURN_TYPE = YES_ERROR;
				GCC_WARN_UNDECLARED_SELECTOR = YES;
				GCC_WARN_UNINITIALIZED_AUTOS = YES_AGGRESSIVE;
				GCC_WARN_UNUSED_FUNCTION = YES;
				GCC_WARN_UNUSED_VARIABLE = YES;
				IPHONEOS_DEPLOYMENT_TARGET = 15.2;
				MTL_ENABLE_DEBUG_INFO = NO;
				MTL_FAST_MATH = YES;
				SDKROOT = iphoneos;
				SWIFT_COMPILATION_MODE = wholemodule;
				SWIFT_OPTIMIZATION_LEVEL = "-O";
				VALIDATE_PRODUCT = YES;
			};
			name = Release;
		};
		EC2DB6782814B0E400AA6D2F /* Debug */ = {
			isa = XCBuildConfiguration;
			buildSettings = {
				ASSETCATALOG_COMPILER_APPICON_NAME = AppIcon;
				ASSETCATALOG_COMPILER_GLOBAL_ACCENT_COLOR_NAME = AccentColor;
				CODE_SIGN_STYLE = Automatic;
				CURRENT_PROJECT_VERSION = 1;
				DEVELOPMENT_ASSET_PATHS = "\"Scrumdinger/Preview Content\"";
				DEVELOPMENT_TEAM = 8P75Y4G96Z;
				ENABLE_PREVIEWS = YES;
				GENERATE_INFOPLIST_FILE = YES;
				INFOPLIST_KEY_NSMicrophoneUsageDescription = "Speech Recognition Use";
				INFOPLIST_KEY_NSSpeechRecognitionUsageDescription = "Speech Recognition Use";
				INFOPLIST_KEY_UIApplicationSceneManifest_Generation = YES;
				INFOPLIST_KEY_UIApplicationSupportsIndirectInputEvents = YES;
				INFOPLIST_KEY_UILaunchScreen_Generation = YES;
				INFOPLIST_KEY_UISupportedInterfaceOrientations_iPad = "UIInterfaceOrientationPortrait UIInterfaceOrientationPortraitUpsideDown UIInterfaceOrientationLandscapeLeft UIInterfaceOrientationLandscapeRight";
				INFOPLIST_KEY_UISupportedInterfaceOrientations_iPhone = "UIInterfaceOrientationPortrait UIInterfaceOrientationLandscapeLeft UIInterfaceOrientationLandscapeRight";
				LD_RUNPATH_SEARCH_PATHS = (
					"$(inherited)",
					"@executable_path/Frameworks",
				);
				MARKETING_VERSION = 1.0.1;
				PRODUCT_BUNDLE_IDENTIFIER = com.jyang.Scrumdinger;
				PRODUCT_NAME = "$(TARGET_NAME)";
				SWIFT_EMIT_LOC_STRINGS = YES;
				SWIFT_VERSION = 5.0;
				TARGETED_DEVICE_FAMILY = "1,2";
			};
			name = Debug;
		};
		EC2DB6792814B0E400AA6D2F /* Release */ = {
			isa = XCBuildConfiguration;
			buildSettings = {
				ASSETCATALOG_COMPILER_APPICON_NAME = AppIcon;
				ASSETCATALOG_COMPILER_GLOBAL_ACCENT_COLOR_NAME = AccentColor;
				CODE_SIGN_STYLE = Automatic;
				CURRENT_PROJECT_VERSION = 1;
				DEVELOPMENT_ASSET_PATHS = "\"Scrumdinger/Preview Content\"";
				DEVELOPMENT_TEAM = 8P75Y4G96Z;
				ENABLE_PREVIEWS = YES;
				GENERATE_INFOPLIST_FILE = YES;
				INFOPLIST_KEY_NSMicrophoneUsageDescription = "Speech Recognition Use";
				INFOPLIST_KEY_NSSpeechRecognitionUsageDescription = "Speech Recognition Use";
				INFOPLIST_KEY_UIApplicationSceneManifest_Generation = YES;
				INFOPLIST_KEY_UIApplicationSupportsIndirectInputEvents = YES;
				INFOPLIST_KEY_UILaunchScreen_Generation = YES;
				INFOPLIST_KEY_UISupportedInterfaceOrientations_iPad = "UIInterfaceOrientationPortrait UIInterfaceOrientationPortraitUpsideDown UIInterfaceOrientationLandscapeLeft UIInterfaceOrientationLandscapeRight";
				INFOPLIST_KEY_UISupportedInterfaceOrientations_iPhone = "UIInterfaceOrientationPortrait UIInterfaceOrientationLandscapeLeft UIInterfaceOrientationLandscapeRight";
				LD_RUNPATH_SEARCH_PATHS = (
					"$(inherited)",
					"@executable_path/Frameworks",
				);
				MARKETING_VERSION = 1.0.1;
				PRODUCT_BUNDLE_IDENTIFIER = com.jyang.Scrumdinger;
				PRODUCT_NAME = "$(TARGET_NAME)";
				SWIFT_EMIT_LOC_STRINGS = YES;
				SWIFT_VERSION = 5.0;
				TARGETED_DEVICE_FAMILY = "1,2";
			};
			name = Release;
		};
/* End XCBuildConfiguration section */

/* Begin XCConfigurationList section */
		EC2DB6642814B0E300AA6D2F /* Build configuration list for PBXProject "Scrumdinger" */ = {
			isa = XCConfigurationList;
			buildConfigurations = (
				EC2DB6752814B0E400AA6D2F /* Debug */,
				EC2DB6762814B0E400AA6D2F /* Release */,
			);
			defaultConfigurationIsVisible = 0;
			defaultConfigurationName = Release;
		};
		EC2DB6772814B0E400AA6D2F /* Build configuration list for PBXNativeTarget "Scrumdinger" */ = {
			isa = XCConfigurationList;
			buildConfigurations = (
				EC2DB6782814B0E400AA6D2F /* Debug */,
				EC2DB6792814B0E400AA6D2F /* Release */,
			);
			defaultConfigurationIsVisible = 0;
			defaultConfigurationName = Release;
		};
/* End XCConfigurationList section */
	};
	rootObject = EC2DB6612814B0E300AA6D2F /* Project object */;
}
